
Microsoft Visual Studio Solution File, Format Version 12.00
# Visual Studio Version 16
VisualStudioVersion = 16.0.29411.108
MinimumVisualStudioVersion = 10.0.40219.1
Project("{FAE04EC0-301F-11D3-BF4B-00C04F79EFBC}") = "VLCDemo", "VLCDemo\VLCDemo.csproj", "{C510D205-3B8D-4B6B-B701-1F62B92C598D}"
EndProject
Global
	GlobalSection(SolutionConfigurationPlatforms) = preSolution
		Debug|ARM = Debug|ARM
		Debug|ARM64 = Debug|ARM64
		Debug|x64 = Debug|x64
		Debug|x86 = Debug|x86
		Release|ARM = Release|ARM
		Release|ARM64 = Release|ARM64
		Release|x64 = Release|x64
		Release|x86 = Release|x86
	EndGlobalSection
	GlobalSection(ProjectConfigurationPlatforms) = postSolution
		{C510D205-3B8D-4B6B-B701-1F62B92C598D}.Debug|ARM.ActiveCfg = Debug|ARM
		{C510D205-3B8D-4B6B-B701-1F62B92C598D}.Debug|ARM.Build.0 = Debug|ARM
		{C510D205-3B8D-4B6B-B701-1F62B92C598D}.Debug|ARM.Deploy.0 = Debug|ARM
		{C510D205-3B8D-4B6B-B701-1F62B92C598D}.Debug|ARM64.ActiveCfg = Debug|ARM64
		{C510D205-3B8D-4B6B-B701-1F62B92C598D}.Debug|ARM64.Build.0 = Debug|ARM64
		{C510D205-3B8D-4B6B-B701-1F62B92C598D}.Debug|ARM64.Deploy.0 = Debug|ARM64
		{C510D205-3B8D-4B6B-B701-1F62B92C598D}.Debug|x64.ActiveCfg = Debug|x64
		{C510D205-3B8D-4B6B-B701-1F62B92C598D}.Debug|x64.Build.0 = Debug|x64
		{C510D205-3B8D-4B6B-B701-1F62B92C598D}.Debug|x64.Deploy.0 = Debug|x64
		{C510D205-3B8D-4B6B-B701-1F62B92C598D}.Debug|x86.ActiveCfg = Debug|x86
		{C510D205-3B8D-4B6B-B701-1F62B92C598D}.Debug|x86.Build.0 = Debug|x86
		{C510D205-3B8D-4B6B-B701-1F62B92C598D}.Debug|x86.Deploy.0 = Debug|x86
		{C510D205-3B8D-4B6B-B701-1F62B92C598D}.Release|ARM.ActiveCfg = Release|ARM
		{C510D205-3B8D-4B6B-B701-1F62B92C598D}.Release|ARM.Build.0 = Release|ARM
		{C510D205-3B8D-4B6B-B701-1F62B92C598D}.Release|ARM.Deploy.0 = Release|ARM
		{C510D205-3B8D-4B6B-B701-1F62B92C598D}.Release|ARM64.ActiveCfg = Release|ARM64
		{C510D205-3B8D-4B6B-B701-1F62B92C598D}.Release|ARM64.Build.0 = Release|ARM64
		{C510D205-3B8D-4B6B-B701-1F62B92C598D}.Release|ARM64.Deploy.0 = Release|ARM64
		{C510D205-3B8D-4B6B-B701-1F62B92C598D}.Release|x64.ActiveCfg = Release|x64
		{C510D205-3B8D-4B6B-B701-1F62B92C598D}.Release|x64.Build.0 = Release|x64
		{C510D205-3B8D-4B6B-B701-1F62B92C598D}.Release|x64.Deploy.0 = Release|x64
		{C510D205-3B8D-4B6B-B701-1F62B92C598D}.Release|x86.ActiveCfg = Release|x86
		{C510D205-3B8D-4B6B-B701-1F62B92C598D}.Release|x86.Build.0 = Release|x86
		{C510D205-3B8D-4B6B-B701-1F62B92C598D}.Release|x86.Deploy.0 = Release|x86
	EndGlobalSection
	GlobalSection(SolutionProperties) = preSolution
		HideSolutionNode = FALSE
	EndGlobalSection
	GlobalSection(ExtensibilityGlobals) = postSolution
		SolutionGuid = {C3FB6F7A-AB34-4CDC-B4F3-16CFCF28809F}
	EndGlobalSection
EndGlobal
